
Microsoft Visual Studio Solution File, Format Version 12.00
# Visual Studio Version 16
VisualStudioVersion = 16.0.30717.126
MinimumVisualStudioVersion = 10.0.40219.1
Project("{FAE04EC0-301F-11D3-BF4B-00C04F79EFBC}") = "ContosoPets", "ContosoPets.csproj", "{AB6D131C-766E-4F59-B2DB-C47801E089F7}"
EndProject
Global
	GlobalSection(SolutionConfigurationPlatforms) = preSolution
		Debug|Any CPU = Debug|Any CPU
		Release|Any CPU = Release|Any CPU
	EndGlobalSection
	GlobalSection(ProjectConfigurationPlatforms) = postSolution
		{AB6D131C-766E-4F59-B2DB-C47801E089F7}.Debug|Any CPU.ActiveCfg = Debug|Any CPU
		{AB6D131C-766E-4F59-B2DB-C47801E089F7}.Debug|Any CPU.Build.0 = Debug|Any CPU
		{AB6D131C-766E-4F59-B2DB-C47801E089F7}.Release|Any CPU.ActiveCfg = Release|Any CPU
		{AB6D131C-766E-4F59-B2DB-C47801E089F7}.Release|Any CPU.Build.0 = Release|Any CPU
	EndGlobalSection
	GlobalSection(SolutionProperties) = preSolution
		HideSolutionNode = FALSE
	EndGlobalSection
	GlobalSection(ExtensibilityGlobals) = postSolution
		SolutionGuid = {AA7DDCB6-4134-415D-97B4-CAC9373ED46C}
	EndGlobalSection
EndGlobal
